
Microsoft Visual Studio Solution File, Format Version 12.00
# Visual Studio Version 16
VisualStudioVersion = 16.0.31729.503
MinimumVisualStudioVersion = 10.0.40219.1
Project("{FAE04EC0-301F-11D3-BF4B-00C04F79EFBC}") = "majo-library", "majo-library.csproj", "{5A0B2BCC-D391-4DD0-A35F-785189843A99}"
EndProject
Global
	GlobalSection(SolutionConfigurationPlatforms) = preSolution
		Debug|Any CPU = Debug|Any CPU
		Release|Any CPU = Release|Any CPU
	EndGlobalSection
	GlobalSection(ProjectConfigurationPlatforms) = postSolution
		{5A0B2BCC-D391-4DD0-A35F-785189843A99}.Debug|Any CPU.ActiveCfg = Debug|Any CPU
		{5A0B2BCC-D391-4DD0-A35F-785189843A99}.Debug|Any CPU.Build.0 = Debug|Any CPU
		{5A0B2BCC-D391-4DD0-A35F-785189843A99}.Release|Any CPU.ActiveCfg = Release|Any CPU
		{5A0B2BCC-D391-4DD0-A35F-785189843A99}.Release|Any CPU.Build.0 = Release|Any CPU
	EndGlobalSection
	GlobalSection(SolutionProperties) = preSolution
		HideSolutionNode = FALSE
	EndGlobalSection
	GlobalSection(ExtensibilityGlobals) = postSolution
		SolutionGuid = {AD1DC192-6968-4D6E-B2DE-0F355506E63A}
	EndGlobalSection
EndGlobal
